
Microsoft Visual Studio Solution File, Format Version 12.00
# Visual Studio Version 16
VisualStudioVersion = 16.0.28803.352
MinimumVisualStudioVersion = 10.0.40219.1
Project("{FAE04EC0-301F-11D3-BF4B-00C04F79EFBC}") = "WPF-Encryptor", "WPF-Encryptor\WPF-Encryptor.csproj", "{A99BA6AD-72E8-470F-9119-2004A959EBFE}"
EndProject
Global
	GlobalSection(SolutionConfigurationPlatforms) = preSolution
		Debug|Any CPU = Debug|Any CPU
		Release|Any CPU = Release|Any CPU
	EndGlobalSection
	GlobalSection(ProjectConfigurationPlatforms) = postSolution
		{A99BA6AD-72E8-470F-9119-2004A959EBFE}.Debug|Any CPU.ActiveCfg = Debug|Any CPU
		{A99BA6AD-72E8-470F-9119-2004A959EBFE}.Debug|Any CPU.Build.0 = Debug|Any CPU
		{A99BA6AD-72E8-470F-9119-2004A959EBFE}.Release|Any CPU.ActiveCfg = Release|Any CPU
		{A99BA6AD-72E8-470F-9119-2004A959EBFE}.Release|Any CPU.Build.0 = Release|Any CPU
	EndGlobalSection
	GlobalSection(SolutionProperties) = preSolution
		HideSolutionNode = FALSE
	EndGlobalSection
	GlobalSection(ExtensibilityGlobals) = postSolution
		SolutionGuid = {D060CB27-A320-4285-B94B-3F09F85A6849}
	EndGlobalSection
EndGlobal
